
Microsoft Visual Studio Solution File, Format Version 12.00
# Visual Studio Version 17
VisualStudioVersion = 17.5.002.0
MinimumVisualStudioVersion = 10.0.40219.1
Project("{2150E333-8FDC-42A3-9474-1A3956D46DE8}") = "csharp-prep", "csharp-prep", "{A0021920-52A5-432B-B923-769E3CE31CEF}"
EndProject
Project("{9A19103F-16F7-4668-BE54-9A1E7A4F7556}") = "Prep1", "csharp-prep\Prep1\Prep1.csproj", "{989468E2-5C63-4C14-AE2F-3876AE6C328F}"
EndProject
Project("{9A19103F-16F7-4668-BE54-9A1E7A4F7556}") = "Prep2", "csharp-prep\Prep2\Prep2.csproj", "{E8DAFB84-F0C3-41F0-8C14-056B160A02C3}"
EndProject
Project("{9A19103F-16F7-4668-BE54-9A1E7A4F7556}") = "Prep3", "csharp-prep\Prep3\Prep3.csproj", "{3DD4FAB4-C29E-42A1-BD57-BDB2E1CACADB}"
EndProject
Project("{9A19103F-16F7-4668-BE54-9A1E7A4F7556}") = "Prep4", "csharp-prep\Prep4\Prep4.csproj", "{7CD8229A-307E-4D79-BC07-2AADF07CA346}"
EndProject
Project("{9A19103F-16F7-4668-BE54-9A1E7A4F7556}") = "Prep5", "csharp-prep\Prep5\Prep5.csproj", "{66E30B53-670B-4A78-A9BC-7FC98EDEA9EC}"
EndProject
Project("{2150E333-8FDC-42A3-9474-1A3956D46DE8}") = "final", "final", "{77249766-D96B-44FC-A8CB-586A7F8E625B}"
EndProject
Project("{9A19103F-16F7-4668-BE54-9A1E7A4F7556}") = "FinalProject", "final\FinalProject\FinalProject.csproj", "{B6A1EFC1-270A-4975-9900-8617011CB255}"
EndProject
Project("{9A19103F-16F7-4668-BE54-9A1E7A4F7556}") = "Foundation1", "final\Foundation1\Foundation1.csproj", "{74B73552-A51F-4DAF-9F38-C6CC2DF3CD2D}"
EndProject
Project("{9A19103F-16F7-4668-BE54-9A1E7A4F7556}") = "Foundation2", "final\Foundation2\Foundation2.csproj", "{4D45DFC0-6146-4358-89E5-AA77341E6DD5}"
EndProject
Project("{9A19103F-16F7-4668-BE54-9A1E7A4F7556}") = "Foundation3", "final\Foundation3\Foundation3.csproj", "{BA2D2093-72A1-4AC4-98C1-1B63C6ED7CA5}"
EndProject
Project("{9A19103F-16F7-4668-BE54-9A1E7A4F7556}") = "Foundation4", "final\Foundation4\Foundation4.csproj", "{588C211D-1A5A-4129-AEA6-61086949F646}"
EndProject
Project("{2150E333-8FDC-42A3-9474-1A3956D46DE8}") = "prepare", "prepare", "{6D1DBCDF-1CB3-4BC6-97DC-8B40EAD79893}"
EndProject
Project("{9A19103F-16F7-4668-BE54-9A1E7A4F7556}") = "Learning02", "prepare\Learning02\Learning02.csproj", "{7ECFEB25-7861-48E2-9734-DE25841C7267}"
EndProject
Project("{9A19103F-16F7-4668-BE54-9A1E7A4F7556}") = "Learning03", "prepare\Learning03\Learning03.csproj", "{6AC5B2B3-561F-45F4-89C9-E73E22F94F6E}"
EndProject
Project("{9A19103F-16F7-4668-BE54-9A1E7A4F7556}") = "Learning04", "prepare\Learning04\Learning04.csproj", "{41961AAF-7689-4DF3-9533-212A67909452}"
EndProject
Project("{9A19103F-16F7-4668-BE54-9A1E7A4F7556}") = "Learning05", "prepare\Learning05\Learning05.csproj", "{487535CD-9A34-45A6-B312-B278C0AE333B}"
EndProject
Project("{2150E333-8FDC-42A3-9474-1A3956D46DE8}") = "prove", "prove", "{C8BFB8B8-BC6F-45FF-A0A4-CC9158570E31}"
EndProject
Project("{9A19103F-16F7-4668-BE54-9A1E7A4F7556}") = "Develop02", "prove\Develop02\Develop02.csproj", "{78DFA706-A2BF-46D9-AA55-9247F1EA509A}"
EndProject
Project("{9A19103F-16F7-4668-BE54-9A1E7A4F7556}") = "Develop03", "prove\Develop03\Develop03.csproj", "{7DCA33C7-66BF-4C21-9A95-D1D5D9C83C9E}"
EndProject
Project("{9A19103F-16F7-4668-BE54-9A1E7A4F7556}") = "Develop04", "prove\Develop04\Develop04.csproj", "{FCC16967-9C85-4E64-90BB-520F81AD25C7}"
EndProject
Project("{9A19103F-16F7-4668-BE54-9A1E7A4F7556}") = "Develop05", "prove\Develop05\Develop05.csproj", "{C9A1980F-98DD-4E25-9972-5ADCA5C4CCD3}"
EndProject
Project("{2150E333-8FDC-42A3-9474-1A3956D46DE8}") = "sandbox", "sandbox", "{208AB578-6629-4A9C-A54D-2A73F86805A9}"
EndProject
Project("{9A19103F-16F7-4668-BE54-9A1E7A4F7556}") = "Sandbox", "sandbox\Sandbox\Sandbox.csproj", "{F5956083-DA01-4C1D-A329-90A910678A0C}"
EndProject
Global
	GlobalSection(SolutionConfigurationPlatforms) = preSolution
		Debug|Any CPU = Debug|Any CPU
		Release|Any CPU = Release|Any CPU
	EndGlobalSection
	GlobalSection(ProjectConfigurationPlatforms) = postSolution
		{989468E2-5C63-4C14-AE2F-3876AE6C328F}.Debug|Any CPU.ActiveCfg = Debug|Any CPU
		{989468E2-5C63-4C14-AE2F-3876AE6C328F}.Debug|Any CPU.Build.0 = Debug|Any CPU
		{989468E2-5C63-4C14-AE2F-3876AE6C328F}.Release|Any CPU.ActiveCfg = Release|Any CPU
		{989468E2-5C63-4C14-AE2F-3876AE6C328F}.Release|Any CPU.Build.0 = Release|Any CPU
		{E8DAFB84-F0C3-41F0-8C14-056B160A02C3}.Debug|Any CPU.ActiveCfg = Debug|Any CPU
		{E8DAFB84-F0C3-41F0-8C14-056B160A02C3}.Debug|Any CPU.Build.0 = Debug|Any CPU
		{E8DAFB84-F0C3-41F0-8C14-056B160A02C3}.Release|Any CPU.ActiveCfg = Release|Any CPU
		{E8DAFB84-F0C3-41F0-8C14-056B160A02C3}.Release|Any CPU.Build.0 = Release|Any CPU
		{3DD4FAB4-C29E-42A1-BD57-BDB2E1CACADB}.Debug|Any CPU.ActiveCfg = Debug|Any CPU
		{3DD4FAB4-C29E-42A1-BD57-BDB2E1CACADB}.Debug|Any CPU.Build.0 = Debug|Any CPU
		{3DD4FAB4-C29E-42A1-BD57-BDB2E1CACADB}.Release|Any CPU.ActiveCfg = Release|Any CPU
		{3DD4FAB4-C29E-42A1-BD57-BDB2E1CACADB}.Release|Any CPU.Build.0 = Release|Any CPU
		{7CD8229A-307E-4D79-BC07-2AADF07CA346}.Debug|Any CPU.ActiveCfg = Debug|Any CPU
		{7CD8229A-307E-4D79-BC07-2AADF07CA346}.Debug|Any CPU.Build.0 = Debug|Any CPU
		{7CD8229A-307E-4D79-BC07-2AADF07CA346}.Release|Any CPU.ActiveCfg = Release|Any CPU
		{7CD8229A-307E-4D79-BC07-2AADF07CA346}.Release|Any CPU.Build.0 = Release|Any CPU
		{66E30B53-670B-4A78-A9BC-7FC98EDEA9EC}.Debug|Any CPU.ActiveCfg = Debug|Any CPU
		{66E30B53-670B-4A78-A9BC-7FC98EDEA9EC}.Debug|Any CPU.Build.0 = Debug|Any CPU
		{66E30B53-670B-4A78-A9BC-7FC98EDEA9EC}.Release|Any CPU.ActiveCfg = Release|Any CPU
		{66E30B53-670B-4A78-A9BC-7FC98EDEA9EC}.Release|Any CPU.Build.0 = Release|Any CPU
		{B6A1EFC1-270A-4975-9900-8617011CB255}.Debug|Any CPU.ActiveCfg = Debug|Any CPU
		{B6A1EFC1-270A-4975-9900-8617011CB255}.Debug|Any CPU.Build.0 = Debug|Any CPU
		{B6A1EFC1-270A-4975-9900-8617011CB255}.Release|Any CPU.ActiveCfg = Release|Any CPU
		{B6A1EFC1-270A-4975-9900-8617011CB255}.Release|Any CPU.Build.0 = Release|Any CPU
		{74B73552-A51F-4DAF-9F38-C6CC2DF3CD2D}.Debug|Any CPU.ActiveCfg = Debug|Any CPU
		{74B73552-A51F-4DAF-9F38-C6CC2DF3CD2D}.Debug|Any CPU.Build.0 = Debug|Any CPU
		{74B73552-A51F-4DAF-9F38-C6CC2DF3CD2D}.Release|Any CPU.ActiveCfg = Release|Any CPU
		{74B73552-A51F-4DAF-9F38-C6CC2DF3CD2D}.Release|Any CPU.Build.0 = Release|Any CPU
		{4D45DFC0-6146-4358-89E5-AA77341E6DD5}.Debug|Any CPU.ActiveCfg = Debug|Any CPU
		{4D45DFC0-6146-4358-89E5-AA77341E6DD5}.Debug|Any CPU.Build.0 = Debug|Any CPU
		{4D45DFC0-6146-4358-89E5-AA77341E6DD5}.Release|Any CPU.ActiveCfg = Release|Any CPU
		{4D45DFC0-6146-4358-89E5-AA77341E6DD5}.Release|Any CPU.Build.0 = Release|Any CPU
		{BA2D2093-72A1-4AC4-98C1-1B63C6ED7CA5}.Debug|Any CPU.ActiveCfg = Debug|Any CPU
		{BA2D2093-72A1-4AC4-98C1-1B63C6ED7CA5}.Debug|Any CPU.Build.0 = Debug|Any CPU
		{BA2D2093-72A1-4AC4-98C1-1B63C6ED7CA5}.Release|Any CPU.ActiveCfg = Release|Any CPU
		{BA2D2093-72A1-4AC4-98C1-1B63C6ED7CA5}.Release|Any CPU.Build.0 = Release|Any CPU
		{588C211D-1A5A-4129-AEA6-61086949F646}.Debug|Any CPU.ActiveCfg = Debug|Any CPU
		{588C211D-1A5A-4129-AEA6-61086949F646}.Debug|Any CPU.Build.0 = Debug|Any CPU
		{588C211D-1A5A-4129-AEA6-61086949F646}.Release|Any CPU.ActiveCfg = Release|Any CPU
		{588C211D-1A5A-4129-AEA6-61086949F646}.Release|Any CPU.Build.0 = Release|Any CPU
		{7ECFEB25-7861-48E2-9734-DE25841C7267}.Debug|Any CPU.ActiveCfg = Debug|Any CPU
		{7ECFEB25-7861-48E2-9734-DE25841C7267}.Debug|Any CPU.Build.0 = Debug|Any CPU
		{7ECFEB25-7861-48E2-9734-DE25841C7267}.Release|Any CPU.ActiveCfg = Release|Any CPU
		{7ECFEB25-7861-48E2-9734-DE25841C7267}.Release|Any CPU.Build.0 = Release|Any CPU
		{6AC5B2B3-561F-45F4-89C9-E73E22F94F6E}.Debug|Any CPU.ActiveCfg = Debug|Any CPU
		{6AC5B2B3-561F-45F4-89C9-E73E22F94F6E}.Debug|Any CPU.Build.0 = Debug|Any CPU
		{6AC5B2B3-561F-45F4-89C9-E73E22F94F6E}.Release|Any CPU.ActiveCfg = Release|Any CPU
		{6AC5B2B3-561F-45F4-89C9-E73E22F94F6E}.Release|Any CPU.Build.0 = Release|Any CPU
		{41961AAF-7689-4DF3-9533-212A67909452}.Debug|Any CPU.ActiveCfg = Debug|Any CPU
		{41961AAF-7689-4DF3-9533-212A67909452}.Debug|Any CPU.Build.0 = Debug|Any CPU
		{41961AAF-7689-4DF3-9533-212A67909452}.Release|Any CPU.ActiveCfg = Release|Any CPU
		{41961AAF-7689-4DF3-9533-212A67909452}.Release|Any CPU.Build.0 = Release|Any CPU
		{487535CD-9A34-45A6-B312-B278C0AE333B}.Debug|Any CPU.ActiveCfg = Debug|Any CPU
		{487535CD-9A34-45A6-B312-B278C0AE333B}.Debug|Any CPU.Build.0 = Debug|Any CPU
		{487535CD-9A34-45A6-B312-B278C0AE333B}.Release|Any CPU.ActiveCfg = Release|Any CPU
		{487535CD-9A34-45A6-B312-B278C0AE333B}.Release|Any CPU.Build.0 = Release|Any CPU
		{78DFA706-A2BF-46D9-AA55-9247F1EA509A}.Debug|Any CPU.ActiveCfg = Debug|Any CPU
		{78DFA706-A2BF-46D9-AA55-9247F1EA509A}.Debug|Any CPU.Build.0 = Debug|Any CPU
		{78DFA706-A2BF-46D9-AA55-9247F1EA509A}.Release|Any CPU.ActiveCfg = Release|Any CPU
		{78DFA706-A2BF-46D9-AA55-9247F1EA509A}.Release|Any CPU.Build.0 = Release|Any CPU
		{7DCA33C7-66BF-4C21-9A95-D1D5D9C83C9E}.Debug|Any CPU.ActiveCfg = Debug|Any CPU
		{7DCA33C7-66BF-4C21-9A95-D1D5D9C83C9E}.Debug|Any CPU.Build.0 = Debug|Any CPU
		{7DCA33C7-66BF-4C21-9A95-D1D5D9C83C9E}.Release|Any CPU.ActiveCfg = Release|Any CPU
		{7DCA33C7-66BF-4C21-9A95-D1D5D9C83C9E}.Release|Any CPU.Build.0 = Release|Any CPU
		{FCC16967-9C85-4E64-90BB-520F81AD25C7}.Debug|Any CPU.ActiveCfg = Debug|Any CPU
		{FCC16967-9C85-4E64-90BB-520F81AD25C7}.Debug|Any CPU.Build.0 = Debug|Any CPU
		{FCC16967-9C85-4E64-90BB-520F81AD25C7}.Release|Any CPU.ActiveCfg = Release|Any CPU
		{FCC16967-9C85-4E64-90BB-520F81AD25C7}.Release|Any CPU.Build.0 = Release|Any CPU
		{C9A1980F-98DD-4E25-9972-5ADCA5C4CCD3}.Debug|Any CPU.ActiveCfg = Debug|Any CPU
		{C9A1980F-98DD-4E25-9972-5ADCA5C4CCD3}.Debug|Any CPU.Build.0 = Debug|Any CPU
		{C9A1980F-98DD-4E25-9972-5ADCA5C4CCD3}.Release|Any CPU.ActiveCfg = Release|Any CPU
		{C9A1980F-98DD-4E25-9972-5ADCA5C4CCD3}.Release|Any CPU.Build.0 = Release|Any CPU
		{F5956083-DA01-4C1D-A329-90A910678A0C}.Debug|Any CPU.ActiveCfg = Debug|Any CPU
		{F5956083-DA01-4C1D-A329-90A910678A0C}.Debug|Any CPU.Build.0 = Debug|Any CPU
		{F5956083-DA01-4C1D-A329-90A910678A0C}.Release|Any CPU.ActiveCfg = Release|Any CPU
		{F5956083-DA01-4C1D-A329-90A910678A0C}.Release|Any CPU.Build.0 = Release|Any CPU
	EndGlobalSection
	GlobalSection(SolutionProperties) = preSolution
		HideSolutionNode = FALSE
	EndGlobalSection
	GlobalSection(NestedProjects) = preSolution
		{989468E2-5C63-4C14-AE2F-3876AE6C328F} = {A0021920-52A5-432B-B923-769E3CE31CEF}
		{E8DAFB84-F0C3-41F0-8C14-056B160A02C3} = {A0021920-52A5-432B-B923-769E3CE31CEF}
		{3DD4FAB4-C29E-42A1-BD57-BDB2E1CACADB} = {A0021920-52A5-432B-B923-769E3CE31CEF}
		{7CD8229A-307E-4D79-BC07-2AADF07CA346} = {A0021920-52A5-432B-B923-769E3CE31CEF}
		{66E30B53-670B-4A78-A9BC-7FC98EDEA9EC} = {A0021920-52A5-432B-B923-769E3CE31CEF}
		{B6A1EFC1-270A-4975-9900-8617011CB255} = {77249766-D96B-44FC-A8CB-586A7F8E625B}
		{74B73552-A51F-4DAF-9F38-C6CC2DF3CD2D} = {77249766-D96B-44FC-A8CB-586A7F8E625B}
		{4D45DFC0-6146-4358-89E5-AA77341E6DD5} = {77249766-D96B-44FC-A8CB-586A7F8E625B}
		{BA2D2093-72A1-4AC4-98C1-1B63C6ED7CA5} = {77249766-D96B-44FC-A8CB-586A7F8E625B}
		{588C211D-1A5A-4129-AEA6-61086949F646} = {77249766-D96B-44FC-A8CB-586A7F8E625B}
		{7ECFEB25-7861-48E2-9734-DE25841C7267} = {6D1DBCDF-1CB3-4BC6-97DC-8B40EAD79893}
		{6AC5B2B3-561F-45F4-89C9-E73E22F94F6E} = {6D1DBCDF-1CB3-4BC6-97DC-8B40EAD79893}
		{41961AAF-7689-4DF3-9533-212A67909452} = {6D1DBCDF-1CB3-4BC6-97DC-8B40EAD79893}
		{487535CD-9A34-45A6-B312-B278C0AE333B} = {6D1DBCDF-1CB3-4BC6-97DC-8B40EAD79893}
		{78DFA706-A2BF-46D9-AA55-9247F1EA509A} = {C8BFB8B8-BC6F-45FF-A0A4-CC9158570E31}
		{7DCA33C7-66BF-4C21-9A95-D1D5D9C83C9E} = {C8BFB8B8-BC6F-45FF-A0A4-CC9158570E31}
		{FCC16967-9C85-4E64-90BB-520F81AD25C7} = {C8BFB8B8-BC6F-45FF-A0A4-CC9158570E31}
		{C9A1980F-98DD-4E25-9972-5ADCA5C4CCD3} = {C8BFB8B8-BC6F-45FF-A0A4-CC9158570E31}
		{F5956083-DA01-4C1D-A329-90A910678A0C} = {208AB578-6629-4A9C-A54D-2A73F86805A9}
	EndGlobalSection
	GlobalSection(ExtensibilityGlobals) = postSolution
		SolutionGuid = {2880AE3D-4237-4060-9671-1D737C0F7BFB}
	EndGlobalSection
EndGlobal
